// !$*UTF8*$!
{
	archiveVersion = 1;
	classes = {
	};
	objectVersion = 55;
	objects = {

/* Begin PBXBuildFile section */
		91021BD82793AE490047DFAA /* Database Models in Resources */ = {isa = PBXBuildFile; fileRef = 91021BD72793AE490047DFAA /* Database Models */; };
		91021BDD2793B9E10047DFAA /* Realm in Frameworks */ = {isa = PBXBuildFile; productRef = 91021BDC2793B9E10047DFAA /* Realm */; };
		91021BDF2793B9E10047DFAA /* RealmSwift in Frameworks */ = {isa = PBXBuildFile; productRef = 91021BDE2793B9E10047DFAA /* RealmSwift */; };
		91021BE82793C9C40047DFAA /* Utils in Resources */ = {isa = PBXBuildFile; fileRef = 91021BE72793C9C40047DFAA /* Utils */; };
		91021BEA2793CADD0047DFAA /* Error Enums in Resources */ = {isa = PBXBuildFile; fileRef = 91021BE92793CADD0047DFAA /* Error Enums */; };
		91021BEC2793CC690047DFAA /* Extensions in Resources */ = {isa = PBXBuildFile; fileRef = 91021BEB2793CC690047DFAA /* Extensions */; };
		91021BEE2793CC970047DFAA /* Enums in Resources */ = {isa = PBXBuildFile; fileRef = 91021BED2793CC970047DFAA /* Enums */; };
		91021BF52799191E0047DFAA /* Button Styles in Resources */ = {isa = PBXBuildFile; fileRef = 91021BF42799191E0047DFAA /* Button Styles */; };
		91021C08279A753C0047DFAA /* Assets.xcassets in Resources */ = {isa = PBXBuildFile; fileRef = 91021C07279A753C0047DFAA /* Assets.xcassets */; };
		91021C0C279A765C0047DFAA /* Constants.swift in Sources */ = {isa = PBXBuildFile; fileRef = 91021C0B279A765C0047DFAA /* Constants.swift */; };
		910EF6AC27A72A00001DCA4C /* Team.swift in Sources */ = {isa = PBXBuildFile; fileRef = 910EF6AB27A72A00001DCA4C /* Team.swift */; };
		910EF6AE27A73AD9001DCA4C /* NeumorphicButtonStyle.swift in Sources */ = {isa = PBXBuildFile; fileRef = 910EF6AD27A73AD9001DCA4C /* NeumorphicButtonStyle.swift */; };
		910EF6B027A73C91001DCA4C /* PeriodEnum.swift in Sources */ = {isa = PBXBuildFile; fileRef = 910EF6AF27A73C91001DCA4C /* PeriodEnum.swift */; };
		915717B727A20AA0003A9A83 /* Button Styles in Resources */ = {isa = PBXBuildFile; fileRef = 915717B627A20AA0003A9A83 /* Button Styles */; };
		915717B927A20AAF003A9A83 /* Database Models in Resources */ = {isa = PBXBuildFile; fileRef = 915717B827A20AAF003A9A83 /* Database Models */; };
		915717BF27A20B03003A9A83 /* Enums in Resources */ = {isa = PBXBuildFile; fileRef = 915717BE27A20B03003A9A83 /* Enums */; };
		915717C127A20B0E003A9A83 /* Error Enums in Resources */ = {isa = PBXBuildFile; fileRef = 915717C027A20B0E003A9A83 /* Error Enums */; };
		915717C527A20B65003A9A83 /* HockeyDatabaseApp.swift in Sources */ = {isa = PBXBuildFile; fileRef = 915717C427A20B65003A9A83 /* HockeyDatabaseApp.swift */; };
		915717C727A20B70003A9A83 /* Utils in Resources */ = {isa = PBXBuildFile; fileRef = 915717C627A20B70003A9A83 /* Utils */; };
		915717C927A20B87003A9A83 /* Extensions in Resources */ = {isa = PBXBuildFile; fileRef = 915717C827A20B87003A9A83 /* Extensions */; };
		915717CB27A20C8F003A9A83 /* Preview Assets.xcassets in Resources */ = {isa = PBXBuildFile; fileRef = 915717CA27A20C8F003A9A83 /* Preview Assets.xcassets */; };
		915717CF27A20CF4003A9A83 /* Venue.swift in Sources */ = {isa = PBXBuildFile; fileRef = 915717CC27A20CF3003A9A83 /* Venue.swift */; };
		915717D027A20CF4003A9A83 /* ScheduledGame.swift in Sources */ = {isa = PBXBuildFile; fileRef = 915717CD27A20CF4003A9A83 /* ScheduledGame.swift */; };
		915717D127A20CF4003A9A83 /* Season.swift in Sources */ = {isa = PBXBuildFile; fileRef = 915717CE27A20CF4003A9A83 /* Season.swift */; };
		915717D327A20D11003A9A83 /* Log.swift in Sources */ = {isa = PBXBuildFile; fileRef = 915717D227A20D11003A9A83 /* Log.swift */; };
		915717D527A20D2A003A9A83 /* TeamManager.swift in Sources */ = {isa = PBXBuildFile; fileRef = 915717D427A20D2A003A9A83 /* TeamManager.swift */; };
		915717D927A20D4B003A9A83 /* ContentView.swift in Sources */ = {isa = PBXBuildFile; fileRef = 915717D627A20D4B003A9A83 /* ContentView.swift */; };
		915717DA27A20D4B003A9A83 /* ScheduleView.swift in Sources */ = {isa = PBXBuildFile; fileRef = 915717D727A20D4B003A9A83 /* ScheduleView.swift */; };
		915717DB27A20D4B003A9A83 /* ScoresView.swift in Sources */ = {isa = PBXBuildFile; fileRef = 915717D827A20D4B003A9A83 /* ScoresView.swift */; };
/* End PBXBuildFile section */

/* Begin PBXFileReference section */
		91021BC327937C6A0047DFAA /* HockeyDatabase.app */ = {isa = PBXFileReference; explicitFileType = wrapper.application; includeInIndex = 0; path = HockeyDatabase.app; sourceTree = BUILT_PRODUCTS_DIR; };
		91021BD72793AE490047DFAA /* Database Models */ = {isa = PBXFileReference; lastKnownFileType = folder; path = "Database Models"; sourceTree = "<group>"; };
		91021BE72793C9C40047DFAA /* Utils */ = {isa = PBXFileReference; lastKnownFileType = folder; path = Utils; sourceTree = "<group>"; };
		91021BE92793CADD0047DFAA /* Error Enums */ = {isa = PBXFileReference; lastKnownFileType = folder; path = "Error Enums"; sourceTree = "<group>"; };
		91021BEB2793CC690047DFAA /* Extensions */ = {isa = PBXFileReference; lastKnownFileType = folder; path = Extensions; sourceTree = "<group>"; };
		91021BED2793CC970047DFAA /* Enums */ = {isa = PBXFileReference; lastKnownFileType = folder; path = Enums; sourceTree = "<group>"; };
		91021BF42799191E0047DFAA /* Button Styles */ = {isa = PBXFileReference; lastKnownFileType = folder; path = "Button Styles"; sourceTree = "<group>"; };
		91021C07279A753C0047DFAA /* Assets.xcassets */ = {isa = PBXFileReference; lastKnownFileType = folder.assetcatalog; name = Assets.xcassets; path = ../../HockeyInfoApp/HockeyInfoApp/Assets.xcassets; sourceTree = "<group>"; };
		91021C0B279A765C0047DFAA /* Constants.swift */ = {isa = PBXFileReference; fileEncoding = 4; lastKnownFileType = sourcecode.swift; path = Constants.swift; sourceTree = "<group>"; };
		910EF6AB27A72A00001DCA4C /* Team.swift */ = {isa = PBXFileReference; lastKnownFileType = sourcecode.swift; path = Team.swift; sourceTree = "<group>"; };
		910EF6AD27A73AD9001DCA4C /* NeumorphicButtonStyle.swift */ = {isa = PBXFileReference; lastKnownFileType = sourcecode.swift; path = NeumorphicButtonStyle.swift; sourceTree = "<group>"; };
		910EF6AF27A73C91001DCA4C /* PeriodEnum.swift */ = {isa = PBXFileReference; lastKnownFileType = sourcecode.swift; path = PeriodEnum.swift; sourceTree = "<group>"; };
		915717B627A20AA0003A9A83 /* Button Styles */ = {isa = PBXFileReference; lastKnownFileType = folder; path = "Button Styles"; sourceTree = "<group>"; };
		915717B827A20AAF003A9A83 /* Database Models */ = {isa = PBXFileReference; lastKnownFileType = folder; path = "Database Models"; sourceTree = "<group>"; };
		915717BE27A20B03003A9A83 /* Enums */ = {isa = PBXFileReference; lastKnownFileType = folder; path = Enums; sourceTree = "<group>"; };
		915717C027A20B0E003A9A83 /* Error Enums */ = {isa = PBXFileReference; lastKnownFileType = folder; path = "Error Enums"; sourceTree = "<group>"; };
		915717C427A20B65003A9A83 /* HockeyDatabaseApp.swift */ = {isa = PBXFileReference; fileEncoding = 4; lastKnownFileType = sourcecode.swift; path = HockeyDatabaseApp.swift; sourceTree = "<group>"; };
		915717C627A20B70003A9A83 /* Utils */ = {isa = PBXFileReference; lastKnownFileType = folder; path = Utils; sourceTree = "<group>"; };
		915717C827A20B87003A9A83 /* Extensions */ = {isa = PBXFileReference; lastKnownFileType = folder; path = Extensions; sourceTree = "<group>"; };
		915717CA27A20C8F003A9A83 /* Preview Assets.xcassets */ = {isa = PBXFileReference; lastKnownFileType = folder.assetcatalog; path = "Preview Assets.xcassets"; sourceTree = "<group>"; };
		915717CC27A20CF3003A9A83 /* Venue.swift */ = {isa = PBXFileReference; fileEncoding = 4; lastKnownFileType = sourcecode.swift; path = Venue.swift; sourceTree = "<group>"; };
		915717CD27A20CF4003A9A83 /* ScheduledGame.swift */ = {isa = PBXFileReference; fileEncoding = 4; lastKnownFileType = sourcecode.swift; path = ScheduledGame.swift; sourceTree = "<group>"; };
		915717CE27A20CF4003A9A83 /* Season.swift */ = {isa = PBXFileReference; fileEncoding = 4; lastKnownFileType = sourcecode.swift; path = Season.swift; sourceTree = "<group>"; };
		915717D227A20D11003A9A83 /* Log.swift */ = {isa = PBXFileReference; fileEncoding = 4; lastKnownFileType = sourcecode.swift; path = Log.swift; sourceTree = "<group>"; };
		915717D427A20D2A003A9A83 /* TeamManager.swift */ = {isa = PBXFileReference; fileEncoding = 4; lastKnownFileType = sourcecode.swift; path = TeamManager.swift; sourceTree = "<group>"; };
		915717D627A20D4B003A9A83 /* ContentView.swift */ = {isa = PBXFileReference; fileEncoding = 4; lastKnownFileType = sourcecode.swift; path = ContentView.swift; sourceTree = "<group>"; };
		915717D727A20D4B003A9A83 /* ScheduleView.swift */ = {isa = PBXFileReference; fileEncoding = 4; lastKnownFileType = sourcecode.swift; path = ScheduleView.swift; sourceTree = "<group>"; };
		915717D827A20D4B003A9A83 /* ScoresView.swift */ = {isa = PBXFileReference; fileEncoding = 4; lastKnownFileType = sourcecode.swift; path = ScoresView.swift; sourceTree = "<group>"; };
/* End PBXFileReference section */

/* Begin PBXFrameworksBuildPhase section */
		91021BC027937C6A0047DFAA /* Frameworks */ = {
			isa = PBXFrameworksBuildPhase;
			buildActionMask = 2147483647;
			files = (
				91021BDF2793B9E10047DFAA /* RealmSwift in Frameworks */,
				91021BDD2793B9E10047DFAA /* Realm in Frameworks */,
			);
			runOnlyForDeploymentPostprocessing = 0;
		};
/* End PBXFrameworksBuildPhase section */

/* Begin PBXGroup section */
		91021BBA27937C6A0047DFAA = {
			isa = PBXGroup;
			children = (
				91021BC527937C6A0047DFAA /* HockeyDatabase */,
				91021BC427937C6A0047DFAA /* Products */,
			);
			sourceTree = "<group>";
		};
		91021BC427937C6A0047DFAA /* Products */ = {
			isa = PBXGroup;
			children = (
				91021BC327937C6A0047DFAA /* HockeyDatabase.app */,
			);
			name = Products;
			sourceTree = "<group>";
		};
		91021BC527937C6A0047DFAA /* HockeyDatabase */ = {
			isa = PBXGroup;
			children = (
				910EF6AF27A73C91001DCA4C /* PeriodEnum.swift */,
				915717C827A20B87003A9A83 /* Extensions */,
				915717C627A20B70003A9A83 /* Utils */,
				915717C427A20B65003A9A83 /* HockeyDatabaseApp.swift */,
				915717C027A20B0E003A9A83 /* Error Enums */,
				915717BE27A20B03003A9A83 /* Enums */,
				915717B827A20AAF003A9A83 /* Database Models */,
				915717B627A20AA0003A9A83 /* Button Styles */,
				91021C0B279A765C0047DFAA /* Constants.swift */,
				910EF6AD27A73AD9001DCA4C /* NeumorphicButtonStyle.swift */,
				91021C07279A753C0047DFAA /* Assets.xcassets */,
				91021C02279946F60047DFAA /* Views */,
				91021BFC2799462C0047DFAA /* Managers */,
				91021BF42799191E0047DFAA /* Button Styles */,
				91021BF1279670870047DFAA /* Logging */,
				91021BED2793CC970047DFAA /* Enums */,
				91021BEB2793CC690047DFAA /* Extensions */,
				91021BE92793CADD0047DFAA /* Error Enums */,
				91021BE72793C9C40047DFAA /* Utils */,
				91021BD72793AE490047DFAA /* Database Models */,
				91021BD427937CD10047DFAA /* Models */,
				91021BCC27937C6B0047DFAA /* Preview Content */,
			);
			path = HockeyDatabase;
			sourceTree = "<group>";
		};
		91021BCC27937C6B0047DFAA /* Preview Content */ = {
			isa = PBXGroup;
			children = (
				915717CA27A20C8F003A9A83 /* Preview Assets.xcassets */,
			);
			path = "Preview Content";
			sourceTree = "<group>";
		};
		91021BD427937CD10047DFAA /* Models */ = {
			isa = PBXGroup;
			children = (
				915717CD27A20CF4003A9A83 /* ScheduledGame.swift */,
				915717CE27A20CF4003A9A83 /* Season.swift */,
				915717CC27A20CF3003A9A83 /* Venue.swift */,
				910EF6AB27A72A00001DCA4C /* Team.swift */,
			);
			path = Models;
			sourceTree = "<group>";
		};
		91021BF1279670870047DFAA /* Logging */ = {
			isa = PBXGroup;
			children = (
				915717D227A20D11003A9A83 /* Log.swift */,
			);
			path = Logging;
			sourceTree = "<group>";
		};
		91021BFC2799462C0047DFAA /* Managers */ = {
			isa = PBXGroup;
			children = (
				915717D427A20D2A003A9A83 /* TeamManager.swift */,
			);
			path = Managers;
			sourceTree = "<group>";
		};
		91021C02279946F60047DFAA /* Views */ = {
			isa = PBXGroup;
			children = (
				915717D627A20D4B003A9A83 /* ContentView.swift */,
				915717D727A20D4B003A9A83 /* ScheduleView.swift */,
				915717D827A20D4B003A9A83 /* ScoresView.swift */,
			);
			path = Views;
			sourceTree = "<group>";
		};
/* End PBXGroup section */

/* Begin PBXNativeTarget section */
		91021BC227937C6A0047DFAA /* HockeyDatabase */ = {
			isa = PBXNativeTarget;
			buildConfigurationList = 91021BD127937C6B0047DFAA /* Build configuration list for PBXNativeTarget "HockeyDatabase" */;
			buildPhases = (
				91021BBF27937C6A0047DFAA /* Sources */,
				91021BC027937C6A0047DFAA /* Frameworks */,
				91021BC127937C6A0047DFAA /* Resources */,
			);
			buildRules = (
			);
			dependencies = (
			);
			name = HockeyDatabase;
			packageProductDependencies = (
				91021BDC2793B9E10047DFAA /* Realm */,
				91021BDE2793B9E10047DFAA /* RealmSwift */,
			);
			productName = HockeyDatabase;
			productReference = 91021BC327937C6A0047DFAA /* HockeyDatabase.app */;
			productType = "com.apple.product-type.application";
		};
/* End PBXNativeTarget section */

/* Begin PBXProject section */
		91021BBB27937C6A0047DFAA /* Project object */ = {
			isa = PBXProject;
			attributes = {
				BuildIndependentTargetsInParallel = 1;
				LastSwiftUpdateCheck = 1320;
				LastUpgradeCheck = 1320;
				TargetAttributes = {
					91021BC227937C6A0047DFAA = {
						CreatedOnToolsVersion = 13.2.1;
					};
				};
			};
			buildConfigurationList = 91021BBE27937C6A0047DFAA /* Build configuration list for PBXProject "HockeyDatabase" */;
			compatibilityVersion = "Xcode 13.0";
			developmentRegion = en;
			hasScannedForEncodings = 0;
			knownRegions = (
				en,
				Base,
			);
			mainGroup = 91021BBA27937C6A0047DFAA;
			packageReferences = (
				91021BDB2793B9E10047DFAA /* XCRemoteSwiftPackageReference "realm-swift" */,
			);
			productRefGroup = 91021BC427937C6A0047DFAA /* Products */;
			projectDirPath = "";
			projectRoot = "";
			targets = (
				91021BC227937C6A0047DFAA /* HockeyDatabase */,
			);
		};
/* End PBXProject section */

/* Begin PBXResourcesBuildPhase section */
		91021BC127937C6A0047DFAA /* Resources */ = {
			isa = PBXResourcesBuildPhase;
			buildActionMask = 2147483647;
			files = (
				915717BF27A20B03003A9A83 /* Enums in Resources */,
				915717C127A20B0E003A9A83 /* Error Enums in Resources */,
				91021BEE2793CC970047DFAA /* Enums in Resources */,
				91021BEC2793CC690047DFAA /* Extensions in Resources */,
				915717B927A20AAF003A9A83 /* Database Models in Resources */,
				91021BD82793AE490047DFAA /* Database Models in Resources */,
				91021BE82793C9C40047DFAA /* Utils in Resources */,
				915717C727A20B70003A9A83 /* Utils in Resources */,
				91021BF52799191E0047DFAA /* Button Styles in Resources */,
				915717B727A20AA0003A9A83 /* Button Styles in Resources */,
				915717CB27A20C8F003A9A83 /* Preview Assets.xcassets in Resources */,
				91021BEA2793CADD0047DFAA /* Error Enums in Resources */,
				915717C927A20B87003A9A83 /* Extensions in Resources */,
				91021C08279A753C0047DFAA /* Assets.xcassets in Resources */,
			);
			runOnlyForDeploymentPostprocessing = 0;
		};
/* End PBXResourcesBuildPhase section */

/* Begin PBXSourcesBuildPhase section */
		91021BBF27937C6A0047DFAA /* Sources */ = {
			isa = PBXSourcesBuildPhase;
			buildActionMask = 2147483647;
			files = (
				915717D027A20CF4003A9A83 /* ScheduledGame.swift in Sources */,
				910EF6AE27A73AD9001DCA4C /* NeumorphicButtonStyle.swift in Sources */,
				915717D327A20D11003A9A83 /* Log.swift in Sources */,
				915717D127A20CF4003A9A83 /* Season.swift in Sources */,
				915717DB27A20D4B003A9A83 /* ScoresView.swift in Sources */,
				915717CF27A20CF4003A9A83 /* Venue.swift in Sources */,
				915717DA27A20D4B003A9A83 /* ScheduleView.swift in Sources */,
				915717D927A20D4B003A9A83 /* ContentView.swift in Sources */,
				91021C0C279A765C0047DFAA /* Constants.swift in Sources */,
				910EF6B027A73C91001DCA4C /* PeriodEnum.swift in Sources */,
				910EF6AC27A72A00001DCA4C /* Team.swift in Sources */,
				915717D527A20D2A003A9A83 /* TeamManager.swift in Sources */,
				915717C527A20B65003A9A83 /* HockeyDatabaseApp.swift in Sources */,
			);
			runOnlyForDeploymentPostprocessing = 0;
		};
/* End PBXSourcesBuildPhase section */

/* Begin XCBuildConfiguration section */
		91021BCF27937C6B0047DFAA /* Debug */ = {
			isa = XCBuildConfiguration;
			buildSettings = {
				ALWAYS_SEARCH_USER_PATHS = NO;
				CLANG_ANALYZER_NONNULL = YES;
				CLANG_ANALYZER_NUMBER_OBJECT_CONVERSION = YES_AGGRESSIVE;
				CLANG_CXX_LANGUAGE_STANDARD = "gnu++17";
				CLANG_CXX_LIBRARY = "libc++";
				CLANG_ENABLE_MODULES = YES;
				CLANG_ENABLE_OBJC_ARC = YES;
				CLANG_ENABLE_OBJC_WEAK = YES;
				CLANG_WARN_BLOCK_CAPTURE_AUTORELEASING = YES;
				CLANG_WARN_BOOL_CONVERSION = YES;
				CLANG_WARN_COMMA = YES;
				CLANG_WARN_CONSTANT_CONVERSION = YES;
				CLANG_WARN_DEPRECATED_OBJC_IMPLEMENTATIONS = YES;
				CLANG_WARN_DIRECT_OBJC_ISA_USAGE = YES_ERROR;
				CLANG_WARN_DOCUMENTATION_COMMENTS = YES;
				CLANG_WARN_EMPTY_BODY = YES;
				CLANG_WARN_ENUM_CONVERSION = YES;
				CLANG_WARN_INFINITE_RECURSION = YES;
				CLANG_WARN_INT_CONVERSION = YES;
				CLANG_WARN_NON_LITERAL_NULL_CONVERSION = YES;
				CLANG_WARN_OBJC_IMPLICIT_RETAIN_SELF = YES;
				CLANG_WARN_OBJC_LITERAL_CONVERSION = YES;
				CLANG_WARN_OBJC_ROOT_CLASS = YES_ERROR;
				CLANG_WARN_QUOTED_INCLUDE_IN_FRAMEWORK_HEADER = YES;
				CLANG_WARN_RANGE_LOOP_ANALYSIS = YES;
				CLANG_WARN_STRICT_PROTOTYPES = YES;
				CLANG_WARN_SUSPICIOUS_MOVE = YES;
				CLANG_WARN_UNGUARDED_AVAILABILITY = YES_AGGRESSIVE;
				CLANG_WARN_UNREACHABLE_CODE = YES;
				CLANG_WARN__DUPLICATE_METHOD_MATCH = YES;
				COPY_PHASE_STRIP = NO;
				DEBUG_INFORMATION_FORMAT = dwarf;
				ENABLE_STRICT_OBJC_MSGSEND = YES;
				ENABLE_TESTABILITY = YES;
				GCC_C_LANGUAGE_STANDARD = gnu11;
				GCC_DYNAMIC_NO_PIC = NO;
				GCC_NO_COMMON_BLOCKS = YES;
				GCC_OPTIMIZATION_LEVEL = 0;
				GCC_PREPROCESSOR_DEFINITIONS = (
					"DEBUG=1",
					"$(inherited)",
				);
				GCC_WARN_64_TO_32_BIT_CONVERSION = YES;
				GCC_WARN_ABOUT_RETURN_TYPE = YES_ERROR;
				GCC_WARN_UNDECLARED_SELECTOR = YES;
				GCC_WARN_UNINITIALIZED_AUTOS = YES_AGGRESSIVE;
				GCC_WARN_UNUSED_FUNCTION = YES;
				GCC_WARN_UNUSED_VARIABLE = YES;
				IPHONEOS_DEPLOYMENT_TARGET = 15.2;
				MTL_ENABLE_DEBUG_INFO = INCLUDE_SOURCE;
				MTL_FAST_MATH = YES;
				ONLY_ACTIVE_ARCH = YES;
				SDKROOT = iphoneos;
				SWIFT_ACTIVE_COMPILATION_CONDITIONS = DEBUG;
				SWIFT_OPTIMIZATION_LEVEL = "-Onone";
			};
			name = Debug;
		};
		91021BD027937C6B0047DFAA /* Release */ = {
			isa = XCBuildConfiguration;
			buildSettings = {
				ALWAYS_SEARCH_USER_PATHS = NO;
				CLANG_ANALYZER_NONNULL = YES;
				CLANG_ANALYZER_NUMBER_OBJECT_CONVERSION = YES_AGGRESSIVE;
				CLANG_CXX_LANGUAGE_STANDARD = "gnu++17";
				CLANG_CXX_LIBRARY = "libc++";
				CLANG_ENABLE_MODULES = YES;
				CLANG_ENABLE_OBJC_ARC = YES;
				CLANG_ENABLE_OBJC_WEAK = YES;
				CLANG_WARN_BLOCK_CAPTURE_AUTORELEASING = YES;
				CLANG_WARN_BOOL_CONVERSION = YES;
				CLANG_WARN_COMMA = YES;
				CLANG_WARN_CONSTANT_CONVERSION = YES;
				CLANG_WARN_DEPRECATED_OBJC_IMPLEMENTATIONS = YES;
				CLANG_WARN_DIRECT_OBJC_ISA_USAGE = YES_ERROR;
				CLANG_WARN_DOCUMENTATION_COMMENTS = YES;
				CLANG_WARN_EMPTY_BODY = YES;
				CLANG_WARN_ENUM_CONVERSION = YES;
				CLANG_WARN_INFINITE_RECURSION = YES;
				CLANG_WARN_INT_CONVERSION = YES;
				CLANG_WARN_NON_LITERAL_NULL_CONVERSION = YES;
				CLANG_WARN_OBJC_IMPLICIT_RETAIN_SELF = YES;
				CLANG_WARN_OBJC_LITERAL_CONVERSION = YES;
				CLANG_WARN_OBJC_ROOT_CLASS = YES_ERROR;
				CLANG_WARN_QUOTED_INCLUDE_IN_FRAMEWORK_HEADER = YES;
				CLANG_WARN_RANGE_LOOP_ANALYSIS = YES;
				CLANG_WARN_STRICT_PROTOTYPES = YES;
				CLANG_WARN_SUSPICIOUS_MOVE = YES;
				CLANG_WARN_UNGUARDED_AVAILABILITY = YES_AGGRESSIVE;
				CLANG_WARN_UNREACHABLE_CODE = YES;
				CLANG_WARN__DUPLICATE_METHOD_MATCH = YES;
				COPY_PHASE_STRIP = NO;
				DEBUG_INFORMATION_FORMAT = "dwarf-with-dsym";
				ENABLE_NS_ASSERTIONS = NO;
				ENABLE_STRICT_OBJC_MSGSEND = YES;
				GCC_C_LANGUAGE_STANDARD = gnu11;
				GCC_NO_COMMON_BLOCKS = YES;
				GCC_WARN_64_TO_32_BIT_CONVERSION = YES;
				GCC_WARN_ABOUT_RETURN_TYPE = YES_ERROR;
				GCC_WARN_UNDECLARED_SELECTOR = YES;
				GCC_WARN_UNINITIALIZED_AUTOS = YES_AGGRESSIVE;
				GCC_WARN_UNUSED_FUNCTION = YES;
				GCC_WARN_UNUSED_VARIABLE = YES;
				IPHONEOS_DEPLOYMENT_TARGET = 15.2;
				MTL_ENABLE_DEBUG_INFO = NO;
				MTL_FAST_MATH = YES;
				SDKROOT = iphoneos;
				SWIFT_COMPILATION_MODE = wholemodule;
				SWIFT_OPTIMIZATION_LEVEL = "-O";
				VALIDATE_PRODUCT = YES;
			};
			name = Release;
		};
		91021BD227937C6B0047DFAA /* Debug */ = {
			isa = XCBuildConfiguration;
			buildSettings = {
				ASSETCATALOG_COMPILER_APPICON_NAME = AppIcon;
				ASSETCATALOG_COMPILER_GLOBAL_ACCENT_COLOR_NAME = AccentColor;
				CODE_SIGN_STYLE = Automatic;
				CURRENT_PROJECT_VERSION = 1;
				DEVELOPMENT_ASSET_PATHS = "\"HockeyDatabase/Preview Content\"";
				DEVELOPMENT_TEAM = C37927XKUL;
				ENABLE_PREVIEWS = YES;
				GENERATE_INFOPLIST_FILE = YES;
				INFOPLIST_KEY_UIApplicationSceneManifest_Generation = YES;
				INFOPLIST_KEY_UIApplicationSupportsIndirectInputEvents = YES;
				INFOPLIST_KEY_UILaunchScreen_Generation = YES;
				INFOPLIST_KEY_UISupportedInterfaceOrientations_iPad = "UIInterfaceOrientationPortrait UIInterfaceOrientationPortraitUpsideDown UIInterfaceOrientationLandscapeLeft UIInterfaceOrientationLandscapeRight";
				INFOPLIST_KEY_UISupportedInterfaceOrientations_iPhone = "UIInterfaceOrientationPortrait UIInterfaceOrientationLandscapeLeft UIInterfaceOrientationLandscapeRight";
				LD_RUNPATH_SEARCH_PATHS = (
					"$(inherited)",
					"@executable_path/Frameworks",
				);
				MARKETING_VERSION = 1.0;
				PRODUCT_BUNDLE_IDENTIFIER = com.larryburris.HockeyDatabase;
				PRODUCT_NAME = "$(TARGET_NAME)";
				SWIFT_EMIT_LOC_STRINGS = YES;
				SWIFT_VERSION = 5.0;
				TARGETED_DEVICE_FAMILY = "1,2";
			};
			name = Debug;
		};
		91021BD327937C6B0047DFAA /* Release */ = {
			isa = XCBuildConfiguration;
			buildSettings = {
				ASSETCATALOG_COMPILER_APPICON_NAME = AppIcon;
				ASSETCATALOG_COMPILER_GLOBAL_ACCENT_COLOR_NAME = AccentColor;
				CODE_SIGN_STYLE = Automatic;
				CURRENT_PROJECT_VERSION = 1;
				DEVELOPMENT_ASSET_PATHS = "\"HockeyDatabase/Preview Content\"";
				DEVELOPMENT_TEAM = C37927XKUL;
				ENABLE_PREVIEWS = YES;
				GENERATE_INFOPLIST_FILE = YES;
				INFOPLIST_KEY_UIApplicationSceneManifest_Generation = YES;
				INFOPLIST_KEY_UIApplicationSupportsIndirectInputEvents = YES;
				INFOPLIST_KEY_UILaunchScreen_Generation = YES;
				INFOPLIST_KEY_UISupportedInterfaceOrientations_iPad = "UIInterfaceOrientationPortrait UIInterfaceOrientationPortraitUpsideDown UIInterfaceOrientationLandscapeLeft UIInterfaceOrientationLandscapeRight";
				INFOPLIST_KEY_UISupportedInterfaceOrientations_iPhone = "UIInterfaceOrientationPortrait UIInterfaceOrientationLandscapeLeft UIInterfaceOrientationLandscapeRight";
				LD_RUNPATH_SEARCH_PATHS = (
					"$(inherited)",
					"@executable_path/Frameworks",
				);
				MARKETING_VERSION = 1.0;
				PRODUCT_BUNDLE_IDENTIFIER = com.larryburris.HockeyDatabase;
				PRODUCT_NAME = "$(TARGET_NAME)";
				SWIFT_EMIT_LOC_STRINGS = YES;
				SWIFT_VERSION = 5.0;
				TARGETED_DEVICE_FAMILY = "1,2";
			};
			name = Release;
		};
/* End XCBuildConfiguration section */

/* Begin XCConfigurationList section */
		91021BBE27937C6A0047DFAA /* Build configuration list for PBXProject "HockeyDatabase" */ = {
			isa = XCConfigurationList;
			buildConfigurations = (
				91021BCF27937C6B0047DFAA /* Debug */,
				91021BD027937C6B0047DFAA /* Release */,
			);
			defaultConfigurationIsVisible = 0;
			defaultConfigurationName = Release;
		};
		91021BD127937C6B0047DFAA /* Build configuration list for PBXNativeTarget "HockeyDatabase" */ = {
			isa = XCConfigurationList;
			buildConfigurations = (
				91021BD227937C6B0047DFAA /* Debug */,
				91021BD327937C6B0047DFAA /* Release */,
			);
			defaultConfigurationIsVisible = 0;
			defaultConfigurationName = Release;
		};
/* End XCConfigurationList section */

/* Begin XCRemoteSwiftPackageReference section */
		91021BDB2793B9E10047DFAA /* XCRemoteSwiftPackageReference "realm-swift" */ = {
			isa = XCRemoteSwiftPackageReference;
			repositoryURL = "https://github.com/realm/realm-swift.git";
			requirement = {
				kind = upToNextMajorVersion;
				minimumVersion = 10.19.0;
			};
		};
/* End XCRemoteSwiftPackageReference section */

/* Begin XCSwiftPackageProductDependency section */
		91021BDC2793B9E10047DFAA /* Realm */ = {
			isa = XCSwiftPackageProductDependency;
			package = 91021BDB2793B9E10047DFAA /* XCRemoteSwiftPackageReference "realm-swift" */;
			productName = Realm;
		};
		91021BDE2793B9E10047DFAA /* RealmSwift */ = {
			isa = XCSwiftPackageProductDependency;
			package = 91021BDB2793B9E10047DFAA /* XCRemoteSwiftPackageReference "realm-swift" */;
			productName = RealmSwift;
		};
/* End XCSwiftPackageProductDependency section */
	};
	rootObject = 91021BBB27937C6A0047DFAA /* Project object */;
}
